// !$*UTF8*$!
{
	archiveVersion = 1;
	classes = {
	};
	objectVersion = 56;
	objects = {

/* Begin PBXBuildFile section */
		4093620C2AAF4A9C00E06A58 /* EnigmaHavenApp.swift in Sources */ = {isa = PBXBuildFile; fileRef = 4093620B2AAF4A9C00E06A58 /* EnigmaHavenApp.swift */; };
		4093620E2AAF4A9C00E06A58 /* ContentView.swift in Sources */ = {isa = PBXBuildFile; fileRef = 4093620D2AAF4A9C00E06A58 /* ContentView.swift */; };
		409362102AAF4A9D00E06A58 /* Assets.xcassets in Resources */ = {isa = PBXBuildFile; fileRef = 4093620F2AAF4A9D00E06A58 /* Assets.xcassets */; };
		409362132AAF4A9D00E06A58 /* Preview Assets.xcassets in Resources */ = {isa = PBXBuildFile; fileRef = 409362122AAF4A9D00E06A58 /* Preview Assets.xcassets */; };
		409362152AAF4A9D00E06A58 /* Persistence.swift in Sources */ = {isa = PBXBuildFile; fileRef = 409362142AAF4A9D00E06A58 /* Persistence.swift */; };
		409362182AAF4A9D00E06A58 /* EnigmaHaven.xcdatamodeld in Sources */ = {isa = PBXBuildFile; fileRef = 409362162AAF4A9D00E06A58 /* EnigmaHaven.xcdatamodeld */; };
		409362222AAF4A9D00E06A58 /* EnigmaHavenTests.swift in Sources */ = {isa = PBXBuildFile; fileRef = 409362212AAF4A9D00E06A58 /* EnigmaHavenTests.swift */; };
		4093622C2AAF4A9D00E06A58 /* EnigmaHavenUITests.swift in Sources */ = {isa = PBXBuildFile; fileRef = 4093622B2AAF4A9D00E06A58 /* EnigmaHavenUITests.swift */; };
		4093622E2AAF4A9D00E06A58 /* EnigmaHavenUITestsLaunchTests.swift in Sources */ = {isa = PBXBuildFile; fileRef = 4093622D2AAF4A9D00E06A58 /* EnigmaHavenUITestsLaunchTests.swift */; };
		4093623D2AAF4C5600E06A58 /* Item+CoreDataClass.swift in Sources */ = {isa = PBXBuildFile; fileRef = 4093623B2AAF4C5600E06A58 /* Item+CoreDataClass.swift */; };
		409362402AAF6EF200E06A58 /* AuthView.swift in Sources */ = {isa = PBXBuildFile; fileRef = 4093623F2AAF6EF200E06A58 /* AuthView.swift */; };
		409362432AAF75E400E06A58 /* KeyObservable.swift in Sources */ = {isa = PBXBuildFile; fileRef = 409362422AAF75E400E06A58 /* KeyObservable.swift */; };
		A9697C80004D2F55710EABF3 /* Pods_EnigmaHavenTests.framework in Frameworks */ = {isa = PBXBuildFile; fileRef = 43F431CDC2C5E2A387C3FA33 /* Pods_EnigmaHavenTests.framework */; };
		E4F4369C7946F10FBE89FC21 /* Pods_EnigmaHaven.framework in Frameworks */ = {isa = PBXBuildFile; fileRef = 0AC7F6A3D9B31641AF620411 /* Pods_EnigmaHaven.framework */; };
		F76EEF0DCA16386B039FE576 /* Pods_EnigmaHaven_EnigmaHavenUITests.framework in Frameworks */ = {isa = PBXBuildFile; fileRef = 0E010812C8BA7D73E2C0373F /* Pods_EnigmaHaven_EnigmaHavenUITests.framework */; };
/* End PBXBuildFile section */

/* Begin PBXContainerItemProxy section */
		4093621E2AAF4A9D00E06A58 /* PBXContainerItemProxy */ = {
			isa = PBXContainerItemProxy;
			containerPortal = 409362002AAF4A9C00E06A58 /* Project object */;
			proxyType = 1;
			remoteGlobalIDString = 409362072AAF4A9C00E06A58;
			remoteInfo = EnigmaHaven;
		};
		409362282AAF4A9D00E06A58 /* PBXContainerItemProxy */ = {
			isa = PBXContainerItemProxy;
			containerPortal = 409362002AAF4A9C00E06A58 /* Project object */;
			proxyType = 1;
			remoteGlobalIDString = 409362072AAF4A9C00E06A58;
			remoteInfo = EnigmaHaven;
		};
/* End PBXContainerItemProxy section */

/* Begin PBXFileReference section */
		0AC7F6A3D9B31641AF620411 /* Pods_EnigmaHaven.framework */ = {isa = PBXFileReference; explicitFileType = wrapper.framework; includeInIndex = 0; path = Pods_EnigmaHaven.framework; sourceTree = BUILT_PRODUCTS_DIR; };
		0E010812C8BA7D73E2C0373F /* Pods_EnigmaHaven_EnigmaHavenUITests.framework */ = {isa = PBXFileReference; explicitFileType = wrapper.framework; includeInIndex = 0; path = Pods_EnigmaHaven_EnigmaHavenUITests.framework; sourceTree = BUILT_PRODUCTS_DIR; };
		2D2A34FD14152AF7FF45C561 /* Pods-EnigmaHaven-EnigmaHavenUITests.release.xcconfig */ = {isa = PBXFileReference; includeInIndex = 1; lastKnownFileType = text.xcconfig; name = "Pods-EnigmaHaven-EnigmaHavenUITests.release.xcconfig"; path = "Target Support Files/Pods-EnigmaHaven-EnigmaHavenUITests/Pods-EnigmaHaven-EnigmaHavenUITests.release.xcconfig"; sourceTree = "<group>"; };
		409362082AAF4A9C00E06A58 /* EnigmaHaven.app */ = {isa = PBXFileReference; explicitFileType = wrapper.application; includeInIndex = 0; path = EnigmaHaven.app; sourceTree = BUILT_PRODUCTS_DIR; };
		4093620B2AAF4A9C00E06A58 /* EnigmaHavenApp.swift */ = {isa = PBXFileReference; lastKnownFileType = sourcecode.swift; path = EnigmaHavenApp.swift; sourceTree = "<group>"; };
		4093620D2AAF4A9C00E06A58 /* ContentView.swift */ = {isa = PBXFileReference; lastKnownFileType = sourcecode.swift; path = ContentView.swift; sourceTree = "<group>"; };
		4093620F2AAF4A9D00E06A58 /* Assets.xcassets */ = {isa = PBXFileReference; lastKnownFileType = folder.assetcatalog; path = Assets.xcassets; sourceTree = "<group>"; };
		409362122AAF4A9D00E06A58 /* Preview Assets.xcassets */ = {isa = PBXFileReference; lastKnownFileType = folder.assetcatalog; path = "Preview Assets.xcassets"; sourceTree = "<group>"; };
		409362142AAF4A9D00E06A58 /* Persistence.swift */ = {isa = PBXFileReference; lastKnownFileType = sourcecode.swift; path = Persistence.swift; sourceTree = "<group>"; };
		409362172AAF4A9D00E06A58 /* EnigmaHaven.xcdatamodel */ = {isa = PBXFileReference; lastKnownFileType = wrapper.xcdatamodel; path = EnigmaHaven.xcdatamodel; sourceTree = "<group>"; };
		4093621D2AAF4A9D00E06A58 /* EnigmaHavenTests.xctest */ = {isa = PBXFileReference; explicitFileType = wrapper.cfbundle; includeInIndex = 0; path = EnigmaHavenTests.xctest; sourceTree = BUILT_PRODUCTS_DIR; };
		409362212AAF4A9D00E06A58 /* EnigmaHavenTests.swift */ = {isa = PBXFileReference; lastKnownFileType = sourcecode.swift; path = EnigmaHavenTests.swift; sourceTree = "<group>"; };
		409362272AAF4A9D00E06A58 /* EnigmaHavenUITests.xctest */ = {isa = PBXFileReference; explicitFileType = wrapper.cfbundle; includeInIndex = 0; path = EnigmaHavenUITests.xctest; sourceTree = BUILT_PRODUCTS_DIR; };
		4093622B2AAF4A9D00E06A58 /* EnigmaHavenUITests.swift */ = {isa = PBXFileReference; lastKnownFileType = sourcecode.swift; path = EnigmaHavenUITests.swift; sourceTree = "<group>"; };
		4093622D2AAF4A9D00E06A58 /* EnigmaHavenUITestsLaunchTests.swift */ = {isa = PBXFileReference; lastKnownFileType = sourcecode.swift; path = EnigmaHavenUITestsLaunchTests.swift; sourceTree = "<group>"; };
		4093623B2AAF4C5600E06A58 /* Item+CoreDataClass.swift */ = {isa = PBXFileReference; lastKnownFileType = sourcecode.swift; path = "Item+CoreDataClass.swift"; sourceTree = "<group>"; };
		4093623F2AAF6EF200E06A58 /* AuthView.swift */ = {isa = PBXFileReference; lastKnownFileType = sourcecode.swift; path = AuthView.swift; sourceTree = "<group>"; };
		409362412AAF6F6800E06A58 /* Info.plist */ = {isa = PBXFileReference; lastKnownFileType = text.plist; path = Info.plist; sourceTree = "<group>"; };
		409362422AAF75E400E06A58 /* KeyObservable.swift */ = {isa = PBXFileReference; lastKnownFileType = sourcecode.swift; path = KeyObservable.swift; sourceTree = "<group>"; };
		43F431CDC2C5E2A387C3FA33 /* Pods_EnigmaHavenTests.framework */ = {isa = PBXFileReference; explicitFileType = wrapper.framework; includeInIndex = 0; path = Pods_EnigmaHavenTests.framework; sourceTree = BUILT_PRODUCTS_DIR; };
		8BE9890EEC3F2DD01CD50D93 /* Pods-EnigmaHaven.release.xcconfig */ = {isa = PBXFileReference; includeInIndex = 1; lastKnownFileType = text.xcconfig; name = "Pods-EnigmaHaven.release.xcconfig"; path = "Target Support Files/Pods-EnigmaHaven/Pods-EnigmaHaven.release.xcconfig"; sourceTree = "<group>"; };
		93F6D634F11A8C379D374BC4 /* Pods-EnigmaHavenTests.debug.xcconfig */ = {isa = PBXFileReference; includeInIndex = 1; lastKnownFileType = text.xcconfig; name = "Pods-EnigmaHavenTests.debug.xcconfig"; path = "Target Support Files/Pods-EnigmaHavenTests/Pods-EnigmaHavenTests.debug.xcconfig"; sourceTree = "<group>"; };
		A1410C875B3B153E5083B269 /* Pods-EnigmaHavenTests.release.xcconfig */ = {isa = PBXFileReference; includeInIndex = 1; lastKnownFileType = text.xcconfig; name = "Pods-EnigmaHavenTests.release.xcconfig"; path = "Target Support Files/Pods-EnigmaHavenTests/Pods-EnigmaHavenTests.release.xcconfig"; sourceTree = "<group>"; };
		C3DF09457FDCB2E5D5C12C87 /* Pods-EnigmaHaven.debug.xcconfig */ = {isa = PBXFileReference; includeInIndex = 1; lastKnownFileType = text.xcconfig; name = "Pods-EnigmaHaven.debug.xcconfig"; path = "Target Support Files/Pods-EnigmaHaven/Pods-EnigmaHaven.debug.xcconfig"; sourceTree = "<group>"; };
		DE5EB20B9F001EC9197FC99E /* Pods-EnigmaHaven-EnigmaHavenUITests.debug.xcconfig */ = {isa = PBXFileReference; includeInIndex = 1; lastKnownFileType = text.xcconfig; name = "Pods-EnigmaHaven-EnigmaHavenUITests.debug.xcconfig"; path = "Target Support Files/Pods-EnigmaHaven-EnigmaHavenUITests/Pods-EnigmaHaven-EnigmaHavenUITests.debug.xcconfig"; sourceTree = "<group>"; };
/* End PBXFileReference section */

/* Begin PBXFrameworksBuildPhase section */
		409362052AAF4A9C00E06A58 /* Frameworks */ = {
			isa = PBXFrameworksBuildPhase;
			buildActionMask = 2147483647;
			files = (
				E4F4369C7946F10FBE89FC21 /* Pods_EnigmaHaven.framework in Frameworks */,
			);
			runOnlyForDeploymentPostprocessing = 0;
		};
		4093621A2AAF4A9D00E06A58 /* Frameworks */ = {
			isa = PBXFrameworksBuildPhase;
			buildActionMask = 2147483647;
			files = (
				A9697C80004D2F55710EABF3 /* Pods_EnigmaHavenTests.framework in Frameworks */,
			);
			runOnlyForDeploymentPostprocessing = 0;
		};
		409362242AAF4A9D00E06A58 /* Frameworks */ = {
			isa = PBXFrameworksBuildPhase;
			buildActionMask = 2147483647;
			files = (
				F76EEF0DCA16386B039FE576 /* Pods_EnigmaHaven_EnigmaHavenUITests.framework in Frameworks */,
			);
			runOnlyForDeploymentPostprocessing = 0;
		};
/* End PBXFrameworksBuildPhase section */

/* Begin PBXGroup section */
		409361FF2AAF4A9C00E06A58 = {
			isa = PBXGroup;
			children = (
				4093620A2AAF4A9C00E06A58 /* EnigmaHaven */,
				409362202AAF4A9D00E06A58 /* EnigmaHavenTests */,
				4093622A2AAF4A9D00E06A58 /* EnigmaHavenUITests */,
				409362092AAF4A9C00E06A58 /* Products */,
				E116D9CEFB01CD54A3C76931 /* Pods */,
				601B8189330A489F2715FFC0 /* Frameworks */,
			);
			sourceTree = "<group>";
		};
		409362092AAF4A9C00E06A58 /* Products */ = {
			isa = PBXGroup;
			children = (
				409362082AAF4A9C00E06A58 /* EnigmaHaven.app */,
				4093621D2AAF4A9D00E06A58 /* EnigmaHavenTests.xctest */,
				409362272AAF4A9D00E06A58 /* EnigmaHavenUITests.xctest */,
			);
			name = Products;
			sourceTree = "<group>";
		};
		4093620A2AAF4A9C00E06A58 /* EnigmaHaven */ = {
			isa = PBXGroup;
			children = (
				409362412AAF6F6800E06A58 /* Info.plist */,
				4093623A2AAF4C4100E06A58 /* Model */,
				4093620B2AAF4A9C00E06A58 /* EnigmaHavenApp.swift */,
				4093620D2AAF4A9C00E06A58 /* ContentView.swift */,
				4093620F2AAF4A9D00E06A58 /* Assets.xcassets */,
				409362142AAF4A9D00E06A58 /* Persistence.swift */,
				409362162AAF4A9D00E06A58 /* EnigmaHaven.xcdatamodeld */,
				409362112AAF4A9D00E06A58 /* Preview Content */,
				4093623F2AAF6EF200E06A58 /* AuthView.swift */,
				409362422AAF75E400E06A58 /* KeyObservable.swift */,
			);
			path = EnigmaHaven;
			sourceTree = "<group>";
		};
		409362112AAF4A9D00E06A58 /* Preview Content */ = {
			isa = PBXGroup;
			children = (
				409362122AAF4A9D00E06A58 /* Preview Assets.xcassets */,
			);
			path = "Preview Content";
			sourceTree = "<group>";
		};
		409362202AAF4A9D00E06A58 /* EnigmaHavenTests */ = {
			isa = PBXGroup;
			children = (
				409362212AAF4A9D00E06A58 /* EnigmaHavenTests.swift */,
			);
			path = EnigmaHavenTests;
			sourceTree = "<group>";
		};
		4093622A2AAF4A9D00E06A58 /* EnigmaHavenUITests */ = {
			isa = PBXGroup;
			children = (
				4093622B2AAF4A9D00E06A58 /* EnigmaHavenUITests.swift */,
				4093622D2AAF4A9D00E06A58 /* EnigmaHavenUITestsLaunchTests.swift */,
			);
			path = EnigmaHavenUITests;
			sourceTree = "<group>";
		};
		4093623A2AAF4C4100E06A58 /* Model */ = {
			isa = PBXGroup;
			children = (
				4093623B2AAF4C5600E06A58 /* Item+CoreDataClass.swift */,
			);
			path = Model;
			sourceTree = "<group>";
		};
		601B8189330A489F2715FFC0 /* Frameworks */ = {
			isa = PBXGroup;
			children = (
				0AC7F6A3D9B31641AF620411 /* Pods_EnigmaHaven.framework */,
				0E010812C8BA7D73E2C0373F /* Pods_EnigmaHaven_EnigmaHavenUITests.framework */,
				43F431CDC2C5E2A387C3FA33 /* Pods_EnigmaHavenTests.framework */,
			);
			name = Frameworks;
			sourceTree = "<group>";
		};
		E116D9CEFB01CD54A3C76931 /* Pods */ = {
			isa = PBXGroup;
			children = (
				C3DF09457FDCB2E5D5C12C87 /* Pods-EnigmaHaven.debug.xcconfig */,
				8BE9890EEC3F2DD01CD50D93 /* Pods-EnigmaHaven.release.xcconfig */,
				DE5EB20B9F001EC9197FC99E /* Pods-EnigmaHaven-EnigmaHavenUITests.debug.xcconfig */,
				2D2A34FD14152AF7FF45C561 /* Pods-EnigmaHaven-EnigmaHavenUITests.release.xcconfig */,
				93F6D634F11A8C379D374BC4 /* Pods-EnigmaHavenTests.debug.xcconfig */,
				A1410C875B3B153E5083B269 /* Pods-EnigmaHavenTests.release.xcconfig */,
			);
			path = Pods;
			sourceTree = "<group>";
		};
/* End PBXGroup section */

/* Begin PBXNativeTarget section */
		409362072AAF4A9C00E06A58 /* EnigmaHaven */ = {
			isa = PBXNativeTarget;
			buildConfigurationList = 409362312AAF4A9D00E06A58 /* Build configuration list for PBXNativeTarget "EnigmaHaven" */;
			buildPhases = (
				D4C89CE870DF65B76FD47AF4 /* [CP] Check Pods Manifest.lock */,
				409362042AAF4A9C00E06A58 /* Sources */,
				409362052AAF4A9C00E06A58 /* Frameworks */,
				409362062AAF4A9C00E06A58 /* Resources */,
				9C1BCF409477AF5F0D390761 /* [CP] Embed Pods Frameworks */,
			);
			buildRules = (
			);
			dependencies = (
			);
			name = EnigmaHaven;
			productName = EnigmaHaven;
			productReference = 409362082AAF4A9C00E06A58 /* EnigmaHaven.app */;
			productType = "com.apple.product-type.application";
		};
		4093621C2AAF4A9D00E06A58 /* EnigmaHavenTests */ = {
			isa = PBXNativeTarget;
			buildConfigurationList = 409362342AAF4A9D00E06A58 /* Build configuration list for PBXNativeTarget "EnigmaHavenTests" */;
			buildPhases = (
				41DEE492AFA9D4D2F8B35121 /* [CP] Check Pods Manifest.lock */,
				409362192AAF4A9D00E06A58 /* Sources */,
				4093621A2AAF4A9D00E06A58 /* Frameworks */,
				4093621B2AAF4A9D00E06A58 /* Resources */,
			);
			buildRules = (
			);
			dependencies = (
				4093621F2AAF4A9D00E06A58 /* PBXTargetDependency */,
			);
			name = EnigmaHavenTests;
			productName = EnigmaHavenTests;
			productReference = 4093621D2AAF4A9D00E06A58 /* EnigmaHavenTests.xctest */;
			productType = "com.apple.product-type.bundle.unit-test";
		};
		409362262AAF4A9D00E06A58 /* EnigmaHavenUITests */ = {
			isa = PBXNativeTarget;
			buildConfigurationList = 409362372AAF4A9D00E06A58 /* Build configuration list for PBXNativeTarget "EnigmaHavenUITests" */;
			buildPhases = (
				0592B2AE3F4DF294D7208D4E /* [CP] Check Pods Manifest.lock */,
				409362232AAF4A9D00E06A58 /* Sources */,
				409362242AAF4A9D00E06A58 /* Frameworks */,
				409362252AAF4A9D00E06A58 /* Resources */,
				B4516B37FF5F614B534D7862 /* [CP] Embed Pods Frameworks */,
			);
			buildRules = (
			);
			dependencies = (
				409362292AAF4A9D00E06A58 /* PBXTargetDependency */,
			);
			name = EnigmaHavenUITests;
			productName = EnigmaHavenUITests;
			productReference = 409362272AAF4A9D00E06A58 /* EnigmaHavenUITests.xctest */;
			productType = "com.apple.product-type.bundle.ui-testing";
		};
/* End PBXNativeTarget section */

/* Begin PBXProject section */
		409362002AAF4A9C00E06A58 /* Project object */ = {
			isa = PBXProject;
			attributes = {
				BuildIndependentTargetsInParallel = 1;
				LastSwiftUpdateCheck = 1430;
				LastUpgradeCheck = 1430;
				TargetAttributes = {
					409362072AAF4A9C00E06A58 = {
						CreatedOnToolsVersion = 14.3;
					};
					4093621C2AAF4A9D00E06A58 = {
						CreatedOnToolsVersion = 14.3;
						TestTargetID = 409362072AAF4A9C00E06A58;
					};
					409362262AAF4A9D00E06A58 = {
						CreatedOnToolsVersion = 14.3;
						TestTargetID = 409362072AAF4A9C00E06A58;
					};
				};
			};
			buildConfigurationList = 409362032AAF4A9C00E06A58 /* Build configuration list for PBXProject "EnigmaHaven" */;
			compatibilityVersion = "Xcode 14.0";
			developmentRegion = en;
			hasScannedForEncodings = 0;
			knownRegions = (
				en,
				Base,
			);
			mainGroup = 409361FF2AAF4A9C00E06A58;
			productRefGroup = 409362092AAF4A9C00E06A58 /* Products */;
			projectDirPath = "";
			projectRoot = "";
			targets = (
				409362072AAF4A9C00E06A58 /* EnigmaHaven */,
				4093621C2AAF4A9D00E06A58 /* EnigmaHavenTests */,
				409362262AAF4A9D00E06A58 /* EnigmaHavenUITests */,
			);
		};
/* End PBXProject section */

/* Begin PBXResourcesBuildPhase section */
		409362062AAF4A9C00E06A58 /* Resources */ = {
			isa = PBXResourcesBuildPhase;
			buildActionMask = 2147483647;
			files = (
				409362132AAF4A9D00E06A58 /* Preview Assets.xcassets in Resources */,
				409362102AAF4A9D00E06A58 /* Assets.xcassets in Resources */,
			);
			runOnlyForDeploymentPostprocessing = 0;
		};
		4093621B2AAF4A9D00E06A58 /* Resources */ = {
			isa = PBXResourcesBuildPhase;
			buildActionMask = 2147483647;
			files = (
			);
			runOnlyForDeploymentPostprocessing = 0;
		};
		409362252AAF4A9D00E06A58 /* Resources */ = {
			isa = PBXResourcesBuildPhase;
			buildActionMask = 2147483647;
			files = (
			);
			runOnlyForDeploymentPostprocessing = 0;
		};
/* End PBXResourcesBuildPhase section */

/* Begin PBXShellScriptBuildPhase section */
		0592B2AE3F4DF294D7208D4E /* [CP] Check Pods Manifest.lock */ = {
			isa = PBXShellScriptBuildPhase;
			buildActionMask = 2147483647;
			files = (
			);
			inputFileListPaths = (
			);
			inputPaths = (
				"${PODS_PODFILE_DIR_PATH}/Podfile.lock",
				"${PODS_ROOT}/Manifest.lock",
			);
			name = "[CP] Check Pods Manifest.lock";
			outputFileListPaths = (
			);
			outputPaths = (
				"$(DERIVED_FILE_DIR)/Pods-EnigmaHaven-EnigmaHavenUITests-checkManifestLockResult.txt",
			);
			runOnlyForDeploymentPostprocessing = 0;
			shellPath = /bin/sh;
			shellScript = "diff \"${PODS_PODFILE_DIR_PATH}/Podfile.lock\" \"${PODS_ROOT}/Manifest.lock\" > /dev/null\nif [ $? != 0 ] ; then\n    # print error to STDERR\n    echo \"error: The sandbox is not in sync with the Podfile.lock. Run 'pod install' or update your CocoaPods installation.\" >&2\n    exit 1\nfi\n# This output is used by Xcode 'outputs' to avoid re-running this script phase.\necho \"SUCCESS\" > \"${SCRIPT_OUTPUT_FILE_0}\"\n";
			showEnvVarsInLog = 0;
		};
		41DEE492AFA9D4D2F8B35121 /* [CP] Check Pods Manifest.lock */ = {
			isa = PBXShellScriptBuildPhase;
			buildActionMask = 2147483647;
			files = (
			);
			inputFileListPaths = (
			);
			inputPaths = (
				"${PODS_PODFILE_DIR_PATH}/Podfile.lock",
				"${PODS_ROOT}/Manifest.lock",
			);
			name = "[CP] Check Pods Manifest.lock";
			outputFileListPaths = (
			);
			outputPaths = (
				"$(DERIVED_FILE_DIR)/Pods-EnigmaHavenTests-checkManifestLockResult.txt",
			);
			runOnlyForDeploymentPostprocessing = 0;
			shellPath = /bin/sh;
			shellScript = "diff \"${PODS_PODFILE_DIR_PATH}/Podfile.lock\" \"${PODS_ROOT}/Manifest.lock\" > /dev/null\nif [ $? != 0 ] ; then\n    # print error to STDERR\n    echo \"error: The sandbox is not in sync with the Podfile.lock. Run 'pod install' or update your CocoaPods installation.\" >&2\n    exit 1\nfi\n# This output is used by Xcode 'outputs' to avoid re-running this script phase.\necho \"SUCCESS\" > \"${SCRIPT_OUTPUT_FILE_0}\"\n";
			showEnvVarsInLog = 0;
		};
		9C1BCF409477AF5F0D390761 /* [CP] Embed Pods Frameworks */ = {
			isa = PBXShellScriptBuildPhase;
			buildActionMask = 2147483647;
			files = (
			);
			inputFileListPaths = (
				"${PODS_ROOT}/Target Support Files/Pods-EnigmaHaven/Pods-EnigmaHaven-frameworks-${CONFIGURATION}-input-files.xcfilelist",
			);
			name = "[CP] Embed Pods Frameworks";
			outputFileListPaths = (
				"${PODS_ROOT}/Target Support Files/Pods-EnigmaHaven/Pods-EnigmaHaven-frameworks-${CONFIGURATION}-output-files.xcfilelist",
			);
			runOnlyForDeploymentPostprocessing = 0;
			shellPath = /bin/sh;
			shellScript = "\"${PODS_ROOT}/Target Support Files/Pods-EnigmaHaven/Pods-EnigmaHaven-frameworks.sh\"\n";
			showEnvVarsInLog = 0;
		};
		B4516B37FF5F614B534D7862 /* [CP] Embed Pods Frameworks */ = {
			isa = PBXShellScriptBuildPhase;
			buildActionMask = 2147483647;
			files = (
			);
			inputFileListPaths = (
				"${PODS_ROOT}/Target Support Files/Pods-EnigmaHaven-EnigmaHavenUITests/Pods-EnigmaHaven-EnigmaHavenUITests-frameworks-${CONFIGURATION}-input-files.xcfilelist",
			);
			name = "[CP] Embed Pods Frameworks";
			outputFileListPaths = (
				"${PODS_ROOT}/Target Support Files/Pods-EnigmaHaven-EnigmaHavenUITests/Pods-EnigmaHaven-EnigmaHavenUITests-frameworks-${CONFIGURATION}-output-files.xcfilelist",
			);
			runOnlyForDeploymentPostprocessing = 0;
			shellPath = /bin/sh;
			shellScript = "\"${PODS_ROOT}/Target Support Files/Pods-EnigmaHaven-EnigmaHavenUITests/Pods-EnigmaHaven-EnigmaHavenUITests-frameworks.sh\"\n";
			showEnvVarsInLog = 0;
		};
		D4C89CE870DF65B76FD47AF4 /* [CP] Check Pods Manifest.lock */ = {
			isa = PBXShellScriptBuildPhase;
			buildActionMask = 2147483647;
			files = (
			);
			inputFileListPaths = (
			);
			inputPaths = (
				"${PODS_PODFILE_DIR_PATH}/Podfile.lock",
				"${PODS_ROOT}/Manifest.lock",
			);
			name = "[CP] Check Pods Manifest.lock";
			outputFileListPaths = (
			);
			outputPaths = (
				"$(DERIVED_FILE_DIR)/Pods-EnigmaHaven-checkManifestLockResult.txt",
			);
			runOnlyForDeploymentPostprocessing = 0;
			shellPath = /bin/sh;
			shellScript = "diff \"${PODS_PODFILE_DIR_PATH}/Podfile.lock\" \"${PODS_ROOT}/Manifest.lock\" > /dev/null\nif [ $? != 0 ] ; then\n    # print error to STDERR\n    echo \"error: The sandbox is not in sync with the Podfile.lock. Run 'pod install' or update your CocoaPods installation.\" >&2\n    exit 1\nfi\n# This output is used by Xcode 'outputs' to avoid re-running this script phase.\necho \"SUCCESS\" > \"${SCRIPT_OUTPUT_FILE_0}\"\n";
			showEnvVarsInLog = 0;
		};
/* End PBXShellScriptBuildPhase section */

/* Begin PBXSourcesBuildPhase section */
		409362042AAF4A9C00E06A58 /* Sources */ = {
			isa = PBXSourcesBuildPhase;
			buildActionMask = 2147483647;
			files = (
				4093623D2AAF4C5600E06A58 /* Item+CoreDataClass.swift in Sources */,
				409362152AAF4A9D00E06A58 /* Persistence.swift in Sources */,
				409362432AAF75E400E06A58 /* KeyObservable.swift in Sources */,
				409362402AAF6EF200E06A58 /* AuthView.swift in Sources */,
				4093620E2AAF4A9C00E06A58 /* ContentView.swift in Sources */,
				4093620C2AAF4A9C00E06A58 /* EnigmaHavenApp.swift in Sources */,
				409362182AAF4A9D00E06A58 /* EnigmaHaven.xcdatamodeld in Sources */,
			);
			runOnlyForDeploymentPostprocessing = 0;
		};
		409362192AAF4A9D00E06A58 /* Sources */ = {
			isa = PBXSourcesBuildPhase;
			buildActionMask = 2147483647;
			files = (
				409362222AAF4A9D00E06A58 /* EnigmaHavenTests.swift in Sources */,
			);
			runOnlyForDeploymentPostprocessing = 0;
		};
		409362232AAF4A9D00E06A58 /* Sources */ = {
			isa = PBXSourcesBuildPhase;
			buildActionMask = 2147483647;
			files = (
				4093622E2AAF4A9D00E06A58 /* EnigmaHavenUITestsLaunchTests.swift in Sources */,
				4093622C2AAF4A9D00E06A58 /* EnigmaHavenUITests.swift in Sources */,
			);
			runOnlyForDeploymentPostprocessing = 0;
		};
/* End PBXSourcesBuildPhase section */

/* Begin PBXTargetDependency section */
		4093621F2AAF4A9D00E06A58 /* PBXTargetDependency */ = {
			isa = PBXTargetDependency;
			target = 409362072AAF4A9C00E06A58 /* EnigmaHaven */;
			targetProxy = 4093621E2AAF4A9D00E06A58 /* PBXContainerItemProxy */;
		};
		409362292AAF4A9D00E06A58 /* PBXTargetDependency */ = {
			isa = PBXTargetDependency;
			target = 409362072AAF4A9C00E06A58 /* EnigmaHaven */;
			targetProxy = 409362282AAF4A9D00E06A58 /* PBXContainerItemProxy */;
		};
/* End PBXTargetDependency section */

/* Begin XCBuildConfiguration section */
		4093622F2AAF4A9D00E06A58 /* Debug */ = {
			isa = XCBuildConfiguration;
			buildSettings = {
				ALWAYS_SEARCH_USER_PATHS = NO;
				CLANG_ANALYZER_NONNULL = YES;
				CLANG_ANALYZER_NUMBER_OBJECT_CONVERSION = YES_AGGRESSIVE;
				CLANG_CXX_LANGUAGE_STANDARD = "gnu++20";
				CLANG_ENABLE_MODULES = YES;
				CLANG_ENABLE_OBJC_ARC = YES;
				CLANG_ENABLE_OBJC_WEAK = YES;
				CLANG_WARN_BLOCK_CAPTURE_AUTORELEASING = YES;
				CLANG_WARN_BOOL_CONVERSION = YES;
				CLANG_WARN_COMMA = YES;
				CLANG_WARN_CONSTANT_CONVERSION = YES;
				CLANG_WARN_DEPRECATED_OBJC_IMPLEMENTATIONS = YES;
				CLANG_WARN_DIRECT_OBJC_ISA_USAGE = YES_ERROR;
				CLANG_WARN_DOCUMENTATION_COMMENTS = YES;
				CLANG_WARN_EMPTY_BODY = YES;
				CLANG_WARN_ENUM_CONVERSION = YES;
				CLANG_WARN_INFINITE_RECURSION = YES;
				CLANG_WARN_INT_CONVERSION = YES;
				CLANG_WARN_NON_LITERAL_NULL_CONVERSION = YES;
				CLANG_WARN_OBJC_IMPLICIT_RETAIN_SELF = YES;
				CLANG_WARN_OBJC_LITERAL_CONVERSION = YES;
				CLANG_WARN_OBJC_ROOT_CLASS = YES_ERROR;
				CLANG_WARN_QUOTED_INCLUDE_IN_FRAMEWORK_HEADER = YES;
				CLANG_WARN_RANGE_LOOP_ANALYSIS = YES;
				CLANG_WARN_STRICT_PROTOTYPES = YES;
				CLANG_WARN_SUSPICIOUS_MOVE = YES;
				CLANG_WARN_UNGUARDED_AVAILABILITY = YES_AGGRESSIVE;
				CLANG_WARN_UNREACHABLE_CODE = YES;
				CLANG_WARN__DUPLICATE_METHOD_MATCH = YES;
				COPY_PHASE_STRIP = NO;
				DEBUG_INFORMATION_FORMAT = dwarf;
				ENABLE_STRICT_OBJC_MSGSEND = YES;
				ENABLE_TESTABILITY = YES;
				GCC_C_LANGUAGE_STANDARD = gnu11;
				GCC_DYNAMIC_NO_PIC = NO;
				GCC_NO_COMMON_BLOCKS = YES;
				GCC_OPTIMIZATION_LEVEL = 0;
				GCC_PREPROCESSOR_DEFINITIONS = (
					"DEBUG=1",
					"$(inherited)",
				);
				GCC_WARN_64_TO_32_BIT_CONVERSION = YES;
				GCC_WARN_ABOUT_RETURN_TYPE = YES_ERROR;
				GCC_WARN_UNDECLARED_SELECTOR = YES;
				GCC_WARN_UNINITIALIZED_AUTOS = YES_AGGRESSIVE;
				GCC_WARN_UNUSED_FUNCTION = YES;
				GCC_WARN_UNUSED_VARIABLE = YES;
				IPHONEOS_DEPLOYMENT_TARGET = 16.4;
				MTL_ENABLE_DEBUG_INFO = INCLUDE_SOURCE;
				MTL_FAST_MATH = YES;
				ONLY_ACTIVE_ARCH = YES;
				SDKROOT = iphoneos;
				SWIFT_ACTIVE_COMPILATION_CONDITIONS = DEBUG;
				SWIFT_OPTIMIZATION_LEVEL = "-Onone";
			};
			name = Debug;
		};
		409362302AAF4A9D00E06A58 /* Release */ = {
			isa = XCBuildConfiguration;
			buildSettings = {
				ALWAYS_SEARCH_USER_PATHS = NO;
				CLANG_ANALYZER_NONNULL = YES;
				CLANG_ANALYZER_NUMBER_OBJECT_CONVERSION = YES_AGGRESSIVE;
				CLANG_CXX_LANGUAGE_STANDARD = "gnu++20";
				CLANG_ENABLE_MODULES = YES;
				CLANG_ENABLE_OBJC_ARC = YES;
				CLANG_ENABLE_OBJC_WEAK = YES;
				CLANG_WARN_BLOCK_CAPTURE_AUTORELEASING = YES;
				CLANG_WARN_BOOL_CONVERSION = YES;
				CLANG_WARN_COMMA = YES;
				CLANG_WARN_CONSTANT_CONVERSION = YES;
				CLANG_WARN_DEPRECATED_OBJC_IMPLEMENTATIONS = YES;
				CLANG_WARN_DIRECT_OBJC_ISA_USAGE = YES_ERROR;
				CLANG_WARN_DOCUMENTATION_COMMENTS = YES;
				CLANG_WARN_EMPTY_BODY = YES;
				CLANG_WARN_ENUM_CONVERSION = YES;
				CLANG_WARN_INFINITE_RECURSION = YES;
				CLANG_WARN_INT_CONVERSION = YES;
				CLANG_WARN_NON_LITERAL_NULL_CONVERSION = YES;
				CLANG_WARN_OBJC_IMPLICIT_RETAIN_SELF = YES;
				CLANG_WARN_OBJC_LITERAL_CONVERSION = YES;
				CLANG_WARN_OBJC_ROOT_CLASS = YES_ERROR;
				CLANG_WARN_QUOTED_INCLUDE_IN_FRAMEWORK_HEADER = YES;
				CLANG_WARN_RANGE_LOOP_ANALYSIS = YES;
				CLANG_WARN_STRICT_PROTOTYPES = YES;
				CLANG_WARN_SUSPICIOUS_MOVE = YES;
				CLANG_WARN_UNGUARDED_AVAILABILITY = YES_AGGRESSIVE;
				CLANG_WARN_UNREACHABLE_CODE = YES;
				CLANG_WARN__DUPLICATE_METHOD_MATCH = YES;
				COPY_PHASE_STRIP = NO;
				DEBUG_INFORMATION_FORMAT = "dwarf-with-dsym";
				ENABLE_NS_ASSERTIONS = NO;
				ENABLE_STRICT_OBJC_MSGSEND = YES;
				GCC_C_LANGUAGE_STANDARD = gnu11;
				GCC_NO_COMMON_BLOCKS = YES;
				GCC_WARN_64_TO_32_BIT_CONVERSION = YES;
				GCC_WARN_ABOUT_RETURN_TYPE = YES_ERROR;
				GCC_WARN_UNDECLARED_SELECTOR = YES;
				GCC_WARN_UNINITIALIZED_AUTOS = YES_AGGRESSIVE;
				GCC_WARN_UNUSED_FUNCTION = YES;
				GCC_WARN_UNUSED_VARIABLE = YES;
				IPHONEOS_DEPLOYMENT_TARGET = 16.4;
				MTL_ENABLE_DEBUG_INFO = NO;
				MTL_FAST_MATH = YES;
				SDKROOT = iphoneos;
				SWIFT_COMPILATION_MODE = wholemodule;
				SWIFT_OPTIMIZATION_LEVEL = "-O";
				VALIDATE_PRODUCT = YES;
			};
			name = Release;
		};
		409362322AAF4A9D00E06A58 /* Debug */ = {
			isa = XCBuildConfiguration;
			baseConfigurationReference = C3DF09457FDCB2E5D5C12C87 /* Pods-EnigmaHaven.debug.xcconfig */;
			buildSettings = {
				ASSETCATALOG_COMPILER_APPICON_NAME = AppIcon;
				ASSETCATALOG_COMPILER_GLOBAL_ACCENT_COLOR_NAME = AccentColor;
				CODE_SIGN_STYLE = Automatic;
				CURRENT_PROJECT_VERSION = 1;
				DEVELOPMENT_ASSET_PATHS = "\"EnigmaHaven/Preview Content\"";
				DEVELOPMENT_TEAM = AR84MSRR4K;
				ENABLE_PREVIEWS = YES;
				GENERATE_INFOPLIST_FILE = YES;
				INFOPLIST_FILE = EnigmaHaven/Info.plist;
				INFOPLIST_KEY_NSFaceIDUsageDescription = "Use Face ID to Secure Data";
				INFOPLIST_KEY_UIApplicationSceneManifest_Generation = YES;
				INFOPLIST_KEY_UIApplicationSupportsIndirectInputEvents = YES;
				INFOPLIST_KEY_UILaunchScreen_Generation = YES;
				INFOPLIST_KEY_UISupportedInterfaceOrientations_iPad = "UIInterfaceOrientationPortrait UIInterfaceOrientationPortraitUpsideDown UIInterfaceOrientationLandscapeLeft UIInterfaceOrientationLandscapeRight";
				INFOPLIST_KEY_UISupportedInterfaceOrientations_iPhone = "UIInterfaceOrientationPortrait UIInterfaceOrientationLandscapeLeft UIInterfaceOrientationLandscapeRight";
				LD_RUNPATH_SEARCH_PATHS = (
					"$(inherited)",
					"@executable_path/Frameworks",
				);
				MARKETING_VERSION = 1.0;
				PRODUCT_BUNDLE_IDENTIFIER = yagrariksa.altechomega.test.EnigmaHaven;
				PRODUCT_NAME = "$(TARGET_NAME)";
				SWIFT_EMIT_LOC_STRINGS = YES;
				SWIFT_VERSION = 5.0;
				TARGETED_DEVICE_FAMILY = "1,2";
			};
			name = Debug;
		};
		409362332AAF4A9D00E06A58 /* Release */ = {
			isa = XCBuildConfiguration;
			baseConfigurationReference = 8BE9890EEC3F2DD01CD50D93 /* Pods-EnigmaHaven.release.xcconfig */;
			buildSettings = {
				ASSETCATALOG_COMPILER_APPICON_NAME = AppIcon;
				ASSETCATALOG_COMPILER_GLOBAL_ACCENT_COLOR_NAME = AccentColor;
				CODE_SIGN_STYLE = Automatic;
				CURRENT_PROJECT_VERSION = 1;
				DEVELOPMENT_ASSET_PATHS = "\"EnigmaHaven/Preview Content\"";
				DEVELOPMENT_TEAM = AR84MSRR4K;
				ENABLE_PREVIEWS = YES;
				GENERATE_INFOPLIST_FILE = YES;
				INFOPLIST_FILE = EnigmaHaven/Info.plist;
				INFOPLIST_KEY_NSFaceIDUsageDescription = "Use Face ID to Secure Data";
				INFOPLIST_KEY_UIApplicationSceneManifest_Generation = YES;
				INFOPLIST_KEY_UIApplicationSupportsIndirectInputEvents = YES;
				INFOPLIST_KEY_UILaunchScreen_Generation = YES;
				INFOPLIST_KEY_UISupportedInterfaceOrientations_iPad = "UIInterfaceOrientationPortrait UIInterfaceOrientationPortraitUpsideDown UIInterfaceOrientationLandscapeLeft UIInterfaceOrientationLandscapeRight";
				INFOPLIST_KEY_UISupportedInterfaceOrientations_iPhone = "UIInterfaceOrientationPortrait UIInterfaceOrientationLandscapeLeft UIInterfaceOrientationLandscapeRight";
				LD_RUNPATH_SEARCH_PATHS = (
					"$(inherited)",
					"@executable_path/Frameworks",
				);
				MARKETING_VERSION = 1.0;
				PRODUCT_BUNDLE_IDENTIFIER = yagrariksa.altechomega.test.EnigmaHaven;
				PRODUCT_NAME = "$(TARGET_NAME)";
				SWIFT_EMIT_LOC_STRINGS = YES;
				SWIFT_VERSION = 5.0;
				TARGETED_DEVICE_FAMILY = "1,2";
			};
			name = Release;
		};
		409362352AAF4A9D00E06A58 /* Debug */ = {
			isa = XCBuildConfiguration;
			baseConfigurationReference = 93F6D634F11A8C379D374BC4 /* Pods-EnigmaHavenTests.debug.xcconfig */;
			buildSettings = {
				ALWAYS_EMBED_SWIFT_STANDARD_LIBRARIES = YES;
				BUNDLE_LOADER = "$(TEST_HOST)";
				CODE_SIGN_STYLE = Automatic;
				CURRENT_PROJECT_VERSION = 1;
				DEVELOPMENT_TEAM = AR84MSRR4K;
				GENERATE_INFOPLIST_FILE = YES;
				IPHONEOS_DEPLOYMENT_TARGET = 16.4;
				MARKETING_VERSION = 1.0;
				PRODUCT_BUNDLE_IDENTIFIER = yagrariksa.altechomega.test.EnigmaHavenTests;
				PRODUCT_NAME = "$(TARGET_NAME)";
				SWIFT_EMIT_LOC_STRINGS = NO;
				SWIFT_VERSION = 5.0;
				TARGETED_DEVICE_FAMILY = "1,2";
				TEST_HOST = "$(BUILT_PRODUCTS_DIR)/EnigmaHaven.app/$(BUNDLE_EXECUTABLE_FOLDER_PATH)/EnigmaHaven";
			};
			name = Debug;
		};
		409362362AAF4A9D00E06A58 /* Release */ = {
			isa = XCBuildConfiguration;
			baseConfigurationReference = A1410C875B3B153E5083B269 /* Pods-EnigmaHavenTests.release.xcconfig */;
			buildSettings = {
				ALWAYS_EMBED_SWIFT_STANDARD_LIBRARIES = YES;
				BUNDLE_LOADER = "$(TEST_HOST)";
				CODE_SIGN_STYLE = Automatic;
				CURRENT_PROJECT_VERSION = 1;
				DEVELOPMENT_TEAM = AR84MSRR4K;
				GENERATE_INFOPLIST_FILE = YES;
				IPHONEOS_DEPLOYMENT_TARGET = 16.4;
				MARKETING_VERSION = 1.0;
				PRODUCT_BUNDLE_IDENTIFIER = yagrariksa.altechomega.test.EnigmaHavenTests;
				PRODUCT_NAME = "$(TARGET_NAME)";
				SWIFT_EMIT_LOC_STRINGS = NO;
				SWIFT_VERSION = 5.0;
				TARGETED_DEVICE_FAMILY = "1,2";
				TEST_HOST = "$(BUILT_PRODUCTS_DIR)/EnigmaHaven.app/$(BUNDLE_EXECUTABLE_FOLDER_PATH)/EnigmaHaven";
			};
			name = Release;
		};
		409362382AAF4A9D00E06A58 /* Debug */ = {
			isa = XCBuildConfiguration;
			baseConfigurationReference = DE5EB20B9F001EC9197FC99E /* Pods-EnigmaHaven-EnigmaHavenUITests.debug.xcconfig */;
			buildSettings = {
				ALWAYS_EMBED_SWIFT_STANDARD_LIBRARIES = YES;
				CODE_SIGN_STYLE = Automatic;
				CURRENT_PROJECT_VERSION = 1;
				DEVELOPMENT_TEAM = AR84MSRR4K;
				GENERATE_INFOPLIST_FILE = YES;
				MARKETING_VERSION = 1.0;
				PRODUCT_BUNDLE_IDENTIFIER = yagrariksa.altechomega.test.EnigmaHavenUITests;
				PRODUCT_NAME = "$(TARGET_NAME)";
				SWIFT_EMIT_LOC_STRINGS = NO;
				SWIFT_VERSION = 5.0;
				TARGETED_DEVICE_FAMILY = "1,2";
				TEST_TARGET_NAME = EnigmaHaven;
			};
			name = Debug;
		};
		409362392AAF4A9D00E06A58 /* Release */ = {
			isa = XCBuildConfiguration;
			baseConfigurationReference = 2D2A34FD14152AF7FF45C561 /* Pods-EnigmaHaven-EnigmaHavenUITests.release.xcconfig */;
			buildSettings = {
				ALWAYS_EMBED_SWIFT_STANDARD_LIBRARIES = YES;
				CODE_SIGN_STYLE = Automatic;
				CURRENT_PROJECT_VERSION = 1;
				DEVELOPMENT_TEAM = AR84MSRR4K;
				GENERATE_INFOPLIST_FILE = YES;
				MARKETING_VERSION = 1.0;
				PRODUCT_BUNDLE_IDENTIFIER = yagrariksa.altechomega.test.EnigmaHavenUITests;
				PRODUCT_NAME = "$(TARGET_NAME)";
				SWIFT_EMIT_LOC_STRINGS = NO;
				SWIFT_VERSION = 5.0;
				TARGETED_DEVICE_FAMILY = "1,2";
				TEST_TARGET_NAME = EnigmaHaven;
			};
			name = Release;
		};
/* End XCBuildConfiguration section */

/* Begin XCConfigurationList section */
		409362032AAF4A9C00E06A58 /* Build configuration list for PBXProject "EnigmaHaven" */ = {
			isa = XCConfigurationList;
			buildConfigurations = (
				4093622F2AAF4A9D00E06A58 /* Debug */,
				409362302AAF4A9D00E06A58 /* Release */,
			);
			defaultConfigurationIsVisible = 0;
			defaultConfigurationName = Release;
		};
		409362312AAF4A9D00E06A58 /* Build configuration list for PBXNativeTarget "EnigmaHaven" */ = {
			isa = XCConfigurationList;
			buildConfigurations = (
				409362322AAF4A9D00E06A58 /* Debug */,
				409362332AAF4A9D00E06A58 /* Release */,
			);
			defaultConfigurationIsVisible = 0;
			defaultConfigurationName = Release;
		};
		409362342AAF4A9D00E06A58 /* Build configuration list for PBXNativeTarget "EnigmaHavenTests" */ = {
			isa = XCConfigurationList;
			buildConfigurations = (
				409362352AAF4A9D00E06A58 /* Debug */,
				409362362AAF4A9D00E06A58 /* Release */,
			);
			defaultConfigurationIsVisible = 0;
			defaultConfigurationName = Release;
		};
		409362372AAF4A9D00E06A58 /* Build configuration list for PBXNativeTarget "EnigmaHavenUITests" */ = {
			isa = XCConfigurationList;
			buildConfigurations = (
				409362382AAF4A9D00E06A58 /* Debug */,
				409362392AAF4A9D00E06A58 /* Release */,
			);
			defaultConfigurationIsVisible = 0;
			defaultConfigurationName = Release;
		};
/* End XCConfigurationList section */

/* Begin XCVersionGroup section */
		409362162AAF4A9D00E06A58 /* EnigmaHaven.xcdatamodeld */ = {
			isa = XCVersionGroup;
			children = (
				409362172AAF4A9D00E06A58 /* EnigmaHaven.xcdatamodel */,
			);
			currentVersion = 409362172AAF4A9D00E06A58 /* EnigmaHaven.xcdatamodel */;
			path = EnigmaHaven.xcdatamodeld;
			sourceTree = "<group>";
			versionGroupType = wrapper.xcdatamodel;
		};
/* End XCVersionGroup section */
	};
	rootObject = 409362002AAF4A9C00E06A58 /* Project object */;
}
